{
  "name": "assets",
  "lockfileVersion": 3,
  "requires": true,
  "packages": {
    "": {
      "dependencies": {
        "lit": "^3.1.4",
        "phx-live-state": "0.12.0"
      }
    },
    "../../live_state": {
      "extraneous": true
    },
    "../../phx-live_state": {
      "extraneous": true
    },
    "../../phx-live-state": {
      "version": "0.12.0",
      "license": "MIT",
      "dependencies": {
        "json-joy": ">= 11.0",
        "lit": "^2.2.6",
        "phoenix": "1.6.15",
        "reflect-metadata": "^0.1.13",
        "subscript": "^7.4.6",
        "wc-context": "1.0.0"
      },
      "devDependencies": {
        "@esm-bundle/chai": "^4.3.4-fix.0",
        "@open-wc/testing": "^3.1.6",
        "@types/sinon-chai": "^3.2.8",
        "@web/test-runner": "^0.13.31",
        "@web/test-runner-puppeteer": "^0.10.5",
        "fast-json-patch": "^3.1.1",
        "quibble": "^0.6.12",
        "sinon": "^14.0.0",
        "sinon-chai": "^3.7.0",
        "testdouble": "^3.16.6",
        "typedoc": "^0.23.24",
        "typescript": "^4.2.2"
      }
    },
    "../live_state": {
      "extraneous": true
    },
    "node_modules/@lit-labs/ssr-dom-shim": {
      "version": "1.2.0",
      "resolved": "https://registry.npmjs.org/@lit-labs/ssr-dom-shim/-/ssr-dom-shim-1.2.0.tgz",
      "integrity": "sha512-yWJKmpGE6lUURKAaIltoPIE/wrbY3TEkqQt+X0m+7fQNnAv0keydnYvbiJFP1PnMhizmIWRWOG5KLhYyc/xl+g=="
    },
    "node_modules/@lit/reactive-element": {
      "version": "2.0.4",
      "resolved": "https://registry.npmjs.org/@lit/reactive-element/-/reactive-element-2.0.4.tgz",
      "integrity": "sha512-GFn91inaUa2oHLak8awSIigYz0cU0Payr1rcFsrkf5OJ5eSPxElyZfKh0f2p9FsTiZWXQdWGJeXZICEfXXYSXQ==",
      "dependencies": {
        "@lit-labs/ssr-dom-shim": "^1.2.0"
      }
    },
    "node_modules/@types/trusted-types": {
      "version": "2.0.7",
      "resolved": "https://registry.npmjs.org/@types/trusted-types/-/trusted-types-2.0.7.tgz",
      "integrity": "sha512-ScaPdn1dQczgbl0QFTeTOmVHFULt394XJgOQNoyVhZ6r2vLnMLJfBPd53SB52T/3G36VI1/g2MZaX0cwDuXsfw=="
    },
    "node_modules/lit": {
      "version": "3.1.4",
      "resolved": "https://registry.npmjs.org/lit/-/lit-3.1.4.tgz",
      "integrity": "sha512-q6qKnKXHy2g1kjBaNfcoLlgbI3+aSOZ9Q4tiGa9bGYXq5RBXxkVTqTIVmP2VWMp29L4GyvCFm8ZQ2o56eUAMyA==",
      "dependencies": {
        "@lit/reactive-element": "^2.0.4",
        "lit-element": "^4.0.4",
        "lit-html": "^3.1.2"
      }
    },
    "node_modules/lit-element": {
      "version": "4.0.6",
      "resolved": "https://registry.npmjs.org/lit-element/-/lit-element-4.0.6.tgz",
      "integrity": "sha512-U4sdJ3CSQip7sLGZ/uJskO5hGiqtlpxndsLr6mt3IQIjheg93UKYeGQjWMRql1s/cXNOaRrCzC2FQwjIwSUqkg==",
      "dependencies": {
        "@lit-labs/ssr-dom-shim": "^1.2.0",
        "@lit/reactive-element": "^2.0.4",
        "lit-html": "^3.1.2"
      }
    },
    "node_modules/lit-html": {
      "version": "3.1.4",
      "resolved": "https://registry.npmjs.org/lit-html/-/lit-html-3.1.4.tgz",
      "integrity": "sha512-yKKO2uVv7zYFHlWMfZmqc+4hkmSbFp8jgjdZY9vvR9jr4J8fH6FUMXhr+ljfELgmjpvlF7Z1SJ5n5/Jeqtc9YA==",
      "dependencies": {
        "@types/trusted-types": "^2.0.2"
      }
    },
    "node_modules/phx-live-state": {
      "resolved": "../../phx-live-state",
      "link": true
    }
  }
}
